// !$*UTF8*$!
{
	archiveVersion = 1;
	classes = {
	};
	objectVersion = 50;
	objects = {

/* Begin PBXBuildFile section */
		7881ACBF263083EC00249B43 /* AppDelegate.swift in Sources */ = {isa = PBXBuildFile; fileRef = 7881ACBE263083EC00249B43 /* AppDelegate.swift */; };
		7881ACC1263083EC00249B43 /* SceneDelegate.swift in Sources */ = {isa = PBXBuildFile; fileRef = 7881ACC0263083EC00249B43 /* SceneDelegate.swift */; };
		7881ACC3263083EC00249B43 /* ViewController.swift in Sources */ = {isa = PBXBuildFile; fileRef = 7881ACC2263083EC00249B43 /* ViewController.swift */; };
		7881ACC6263083EC00249B43 /* Main.storyboard in Resources */ = {isa = PBXBuildFile; fileRef = 7881ACC4263083EC00249B43 /* Main.storyboard */; };
		7881ACC8263083EF00249B43 /* Assets.xcassets in Resources */ = {isa = PBXBuildFile; fileRef = 7881ACC7263083EF00249B43 /* Assets.xcassets */; };
		7881ACCB263083EF00249B43 /* LaunchScreen.storyboard in Resources */ = {isa = PBXBuildFile; fileRef = 7881ACC9263083EF00249B43 /* LaunchScreen.storyboard */; };
		7881ACD6263083EF00249B43 /* GeocoderTests.swift in Sources */ = {isa = PBXBuildFile; fileRef = 7881ACD5263083EF00249B43 /* GeocoderTests.swift */; };
		7881ACE1263083EF00249B43 /* GeocoderUITests.swift in Sources */ = {isa = PBXBuildFile; fileRef = 7881ACE0263083EF00249B43 /* GeocoderUITests.swift */; };
/* End PBXBuildFile section */

/* Begin PBXContainerItemProxy section */
		7881ACD2263083EF00249B43 /* PBXContainerItemProxy */ = {
			isa = PBXContainerItemProxy;
			containerPortal = 7881ACB3263083EC00249B43 /* Project object */;
			proxyType = 1;
			remoteGlobalIDString = 7881ACBA263083EC00249B43;
			remoteInfo = Geocoder;
		};
		7881ACDD263083EF00249B43 /* PBXContainerItemProxy */ = {
			isa = PBXContainerItemProxy;
			containerPortal = 7881ACB3263083EC00249B43 /* Project object */;
			proxyType = 1;
			remoteGlobalIDString = 7881ACBA263083EC00249B43;
			remoteInfo = Geocoder;
		};
/* End PBXContainerItemProxy section */

/* Begin PBXFileReference section */
		7881ACBB263083EC00249B43 /* Geocoder.app */ = {isa = PBXFileReference; explicitFileType = wrapper.application; includeInIndex = 0; path = Geocoder.app; sourceTree = BUILT_PRODUCTS_DIR; };
		7881ACBE263083EC00249B43 /* AppDelegate.swift */ = {isa = PBXFileReference; lastKnownFileType = sourcecode.swift; path = AppDelegate.swift; sourceTree = "<group>"; };
		7881ACC0263083EC00249B43 /* SceneDelegate.swift */ = {isa = PBXFileReference; lastKnownFileType = sourcecode.swift; path = SceneDelegate.swift; sourceTree = "<group>"; };
		7881ACC2263083EC00249B43 /* ViewController.swift */ = {isa = PBXFileReference; lastKnownFileType = sourcecode.swift; path = ViewController.swift; sourceTree = "<group>"; };
		7881ACC5263083EC00249B43 /* Base */ = {isa = PBXFileReference; lastKnownFileType = file.storyboard; name = Base; path = Base.lproj/Main.storyboard; sourceTree = "<group>"; };
		7881ACC7263083EF00249B43 /* Assets.xcassets */ = {isa = PBXFileReference; lastKnownFileType = folder.assetcatalog; path = Assets.xcassets; sourceTree = "<group>"; };
		7881ACCA263083EF00249B43 /* Base */ = {isa = PBXFileReference; lastKnownFileType = file.storyboard; name = Base; path = Base.lproj/LaunchScreen.storyboard; sourceTree = "<group>"; };
		7881ACCC263083EF00249B43 /* Info.plist */ = {isa = PBXFileReference; lastKnownFileType = text.plist.xml; path = Info.plist; sourceTree = "<group>"; };
		7881ACD1263083EF00249B43 /* GeocoderTests.xctest */ = {isa = PBXFileReference; explicitFileType = wrapper.cfbundle; includeInIndex = 0; path = GeocoderTests.xctest; sourceTree = BUILT_PRODUCTS_DIR; };
		7881ACD5263083EF00249B43 /* GeocoderTests.swift */ = {isa = PBXFileReference; lastKnownFileType = sourcecode.swift; path = GeocoderTests.swift; sourceTree = "<group>"; };
		7881ACD7263083EF00249B43 /* Info.plist */ = {isa = PBXFileReference; lastKnownFileType = text.plist.xml; path = Info.plist; sourceTree = "<group>"; };
		7881ACDC263083EF00249B43 /* GeocoderUITests.xctest */ = {isa = PBXFileReference; explicitFileType = wrapper.cfbundle; includeInIndex = 0; path = GeocoderUITests.xctest; sourceTree = BUILT_PRODUCTS_DIR; };
		7881ACE0263083EF00249B43 /* GeocoderUITests.swift */ = {isa = PBXFileReference; lastKnownFileType = sourcecode.swift; path = GeocoderUITests.swift; sourceTree = "<group>"; };
		7881ACE2263083EF00249B43 /* Info.plist */ = {isa = PBXFileReference; lastKnownFileType = text.plist.xml; path = Info.plist; sourceTree = "<group>"; };
/* End PBXFileReference section */

/* Begin PBXFrameworksBuildPhase section */
		7881ACB8263083EC00249B43 /* Frameworks */ = {
			isa = PBXFrameworksBuildPhase;
			buildActionMask = 2147483647;
			files = (
			);
			runOnlyForDeploymentPostprocessing = 0;
		};
		7881ACCE263083EF00249B43 /* Frameworks */ = {
			isa = PBXFrameworksBuildPhase;
			buildActionMask = 2147483647;
			files = (
			);
			runOnlyForDeploymentPostprocessing = 0;
		};
		7881ACD9263083EF00249B43 /* Frameworks */ = {
			isa = PBXFrameworksBuildPhase;
			buildActionMask = 2147483647;
			files = (
			);
			runOnlyForDeploymentPostprocessing = 0;
		};
/* End PBXFrameworksBuildPhase section */

/* Begin PBXGroup section */
		7881ACB2263083EC00249B43 = {
			isa = PBXGroup;
			children = (
				7881ACBD263083EC00249B43 /* Geocoder */,
				7881ACD4263083EF00249B43 /* GeocoderTests */,
				7881ACDF263083EF00249B43 /* GeocoderUITests */,
				7881ACBC263083EC00249B43 /* Products */,
			);
			sourceTree = "<group>";
		};
		7881ACBC263083EC00249B43 /* Products */ = {
			isa = PBXGroup;
			children = (
				7881ACBB263083EC00249B43 /* Geocoder.app */,
				7881ACD1263083EF00249B43 /* GeocoderTests.xctest */,
				7881ACDC263083EF00249B43 /* GeocoderUITests.xctest */,
			);
			name = Products;
			sourceTree = "<group>";
		};
		7881ACBD263083EC00249B43 /* Geocoder */ = {
			isa = PBXGroup;
			children = (
				7881ACBE263083EC00249B43 /* AppDelegate.swift */,
				7881ACC0263083EC00249B43 /* SceneDelegate.swift */,
				7881ACC2263083EC00249B43 /* ViewController.swift */,
				7881ACC4263083EC00249B43 /* Main.storyboard */,
				7881ACC7263083EF00249B43 /* Assets.xcassets */,
				7881ACC9263083EF00249B43 /* LaunchScreen.storyboard */,
				7881ACCC263083EF00249B43 /* Info.plist */,
			);
			path = Geocoder;
			sourceTree = "<group>";
		};
		7881ACD4263083EF00249B43 /* GeocoderTests */ = {
			isa = PBXGroup;
			children = (
				7881ACD5263083EF00249B43 /* GeocoderTests.swift */,
				7881ACD7263083EF00249B43 /* Info.plist */,
			);
			path = GeocoderTests;
			sourceTree = "<group>";
		};
		7881ACDF263083EF00249B43 /* GeocoderUITests */ = {
			isa = PBXGroup;
			children = (
				7881ACE0263083EF00249B43 /* GeocoderUITests.swift */,
				7881ACE2263083EF00249B43 /* Info.plist */,
			);
			path = GeocoderUITests;
			sourceTree = "<group>";
		};
/* End PBXGroup section */

/* Begin PBXNativeTarget section */
		7881ACBA263083EC00249B43 /* Geocoder */ = {
			isa = PBXNativeTarget;
			buildConfigurationList = 7881ACE5263083EF00249B43 /* Build configuration list for PBXNativeTarget "Geocoder" */;
			buildPhases = (
				7881ACB7263083EC00249B43 /* Sources */,
				7881ACB8263083EC00249B43 /* Frameworks */,
				7881ACB9263083EC00249B43 /* Resources */,
			);
			buildRules = (
			);
			dependencies = (
			);
			name = Geocoder;
			productName = Geocoder;
			productReference = 7881ACBB263083EC00249B43 /* Geocoder.app */;
			productType = "com.apple.product-type.application";
		};
		7881ACD0263083EF00249B43 /* GeocoderTests */ = {
			isa = PBXNativeTarget;
			buildConfigurationList = 7881ACE8263083EF00249B43 /* Build configuration list for PBXNativeTarget "GeocoderTests" */;
			buildPhases = (
				7881ACCD263083EF00249B43 /* Sources */,
				7881ACCE263083EF00249B43 /* Frameworks */,
				7881ACCF263083EF00249B43 /* Resources */,
			);
			buildRules = (
			);
			dependencies = (
				7881ACD3263083EF00249B43 /* PBXTargetDependency */,
			);
			name = GeocoderTests;
			productName = GeocoderTests;
			productReference = 7881ACD1263083EF00249B43 /* GeocoderTests.xctest */;
			productType = "com.apple.product-type.bundle.unit-test";
		};
		7881ACDB263083EF00249B43 /* GeocoderUITests */ = {
			isa = PBXNativeTarget;
			buildConfigurationList = 7881ACEB263083EF00249B43 /* Build configuration list for PBXNativeTarget "GeocoderUITests" */;
			buildPhases = (
				7881ACD8263083EF00249B43 /* Sources */,
				7881ACD9263083EF00249B43 /* Frameworks */,
				7881ACDA263083EF00249B43 /* Resources */,
			);
			buildRules = (
			);
			dependencies = (
				7881ACDE263083EF00249B43 /* PBXTargetDependency */,
			);
			name = GeocoderUITests;
			productName = GeocoderUITests;
			productReference = 7881ACDC263083EF00249B43 /* GeocoderUITests.xctest */;
			productType = "com.apple.product-type.bundle.ui-testing";
		};
/* End PBXNativeTarget section */

/* Begin PBXProject section */
		7881ACB3263083EC00249B43 /* Project object */ = {
			isa = PBXProject;
			attributes = {
				LastSwiftUpdateCheck = 1240;
				LastUpgradeCheck = 1240;
				TargetAttributes = {
					7881ACBA263083EC00249B43 = {
						CreatedOnToolsVersion = 12.4;
					};
					7881ACD0263083EF00249B43 = {
						CreatedOnToolsVersion = 12.4;
						TestTargetID = 7881ACBA263083EC00249B43;
					};
					7881ACDB263083EF00249B43 = {
						CreatedOnToolsVersion = 12.4;
						TestTargetID = 7881ACBA263083EC00249B43;
					};
				};
			};
			buildConfigurationList = 7881ACB6263083EC00249B43 /* Build configuration list for PBXProject "Geocoder" */;
			compatibilityVersion = "Xcode 9.3";
			developmentRegion = en;
			hasScannedForEncodings = 0;
			knownRegions = (
				en,
				Base,
			);
			mainGroup = 7881ACB2263083EC00249B43;
			productRefGroup = 7881ACBC263083EC00249B43 /* Products */;
			projectDirPath = "";
			projectRoot = "";
			targets = (
				7881ACBA263083EC00249B43 /* Geocoder */,
				7881ACD0263083EF00249B43 /* GeocoderTests */,
				7881ACDB263083EF00249B43 /* GeocoderUITests */,
			);
		};
/* End PBXProject section */

/* Begin PBXResourcesBuildPhase section */
		7881ACB9263083EC00249B43 /* Resources */ = {
			isa = PBXResourcesBuildPhase;
			buildActionMask = 2147483647;
			files = (
				7881ACCB263083EF00249B43 /* LaunchScreen.storyboard in Resources */,
				7881ACC8263083EF00249B43 /* Assets.xcassets in Resources */,
				7881ACC6263083EC00249B43 /* Main.storyboard in Resources */,
			);
			runOnlyForDeploymentPostprocessing = 0;
		};
		7881ACCF263083EF00249B43 /* Resources */ = {
			isa = PBXResourcesBuildPhase;
			buildActionMask = 2147483647;
			files = (
			);
			runOnlyForDeploymentPostprocessing = 0;
		};
		7881ACDA263083EF00249B43 /* Resources */ = {
			isa = PBXResourcesBuildPhase;
			buildActionMask = 2147483647;
			files = (
			);
			runOnlyForDeploymentPostprocessing = 0;
		};
/* End PBXResourcesBuildPhase section */

/* Begin PBXSourcesBuildPhase section */
		7881ACB7263083EC00249B43 /* Sources */ = {
			isa = PBXSourcesBuildPhase;
			buildActionMask = 2147483647;
			files = (
				7881ACC3263083EC00249B43 /* ViewController.swift in Sources */,
				7881ACBF263083EC00249B43 /* AppDelegate.swift in Sources */,
				7881ACC1263083EC00249B43 /* SceneDelegate.swift in Sources */,
			);
			runOnlyForDeploymentPostprocessing = 0;
		};
		7881ACCD263083EF00249B43 /* Sources */ = {
			isa = PBXSourcesBuildPhase;
			buildActionMask = 2147483647;
			files = (
				7881ACD6263083EF00249B43 /* GeocoderTests.swift in Sources */,
			);
			runOnlyForDeploymentPostprocessing = 0;
		};
		7881ACD8263083EF00249B43 /* Sources */ = {
			isa = PBXSourcesBuildPhase;
			buildActionMask = 2147483647;
			files = (
				7881ACE1263083EF00249B43 /* GeocoderUITests.swift in Sources */,
			);
			runOnlyForDeploymentPostprocessing = 0;
		};
/* End PBXSourcesBuildPhase section */

/* Begin PBXTargetDependency section */
		7881ACD3263083EF00249B43 /* PBXTargetDependency */ = {
			isa = PBXTargetDependency;
			target = 7881ACBA263083EC00249B43 /* Geocoder */;
			targetProxy = 7881ACD2263083EF00249B43 /* PBXContainerItemProxy */;
		};
		7881ACDE263083EF00249B43 /* PBXTargetDependency */ = {
			isa = PBXTargetDependency;
			target = 7881ACBA263083EC00249B43 /* Geocoder */;
			targetProxy = 7881ACDD263083EF00249B43 /* PBXContainerItemProxy */;
		};
/* End PBXTargetDependency section */

/* Begin PBXVariantGroup section */
		7881ACC4263083EC00249B43 /* Main.storyboard */ = {
			isa = PBXVariantGroup;
			children = (
				7881ACC5263083EC00249B43 /* Base */,
			);
			name = Main.storyboard;
			sourceTree = "<group>";
		};
		7881ACC9263083EF00249B43 /* LaunchScreen.storyboard */ = {
			isa = PBXVariantGroup;
			children = (
				7881ACCA263083EF00249B43 /* Base */,
			);
			name = LaunchScreen.storyboard;
			sourceTree = "<group>";
		};
/* End PBXVariantGroup section */

/* Begin XCBuildConfiguration section */
		7881ACE3263083EF00249B43 /* Debug */ = {
			isa = XCBuildConfiguration;
			buildSettings = {
				ALWAYS_SEARCH_USER_PATHS = NO;
				CLANG_ANALYZER_NONNULL = YES;
				CLANG_ANALYZER_NUMBER_OBJECT_CONVERSION = YES_AGGRESSIVE;
				CLANG_CXX_LANGUAGE_STANDARD = "gnu++14";
				CLANG_CXX_LIBRARY = "libc++";
				CLANG_ENABLE_MODULES = YES;
				CLANG_ENABLE_OBJC_ARC = YES;
				CLANG_ENABLE_OBJC_WEAK = YES;
				CLANG_WARN_BLOCK_CAPTURE_AUTORELEASING = YES;
				CLANG_WARN_BOOL_CONVERSION = YES;
				CLANG_WARN_COMMA = YES;
				CLANG_WARN_CONSTANT_CONVERSION = YES;
				CLANG_WARN_DEPRECATED_OBJC_IMPLEMENTATIONS = YES;
				CLANG_WARN_DIRECT_OBJC_ISA_USAGE = YES_ERROR;
				CLANG_WARN_DOCUMENTATION_COMMENTS = YES;
				CLANG_WARN_EMPTY_BODY = YES;
				CLANG_WARN_ENUM_CONVERSION = YES;
				CLANG_WARN_INFINITE_RECURSION = YES;
				CLANG_WARN_INT_CONVERSION = YES;
				CLANG_WARN_NON_LITERAL_NULL_CONVERSION = YES;
				CLANG_WARN_OBJC_IMPLICIT_RETAIN_SELF = YES;
				CLANG_WARN_OBJC_LITERAL_CONVERSION = YES;
				CLANG_WARN_OBJC_ROOT_CLASS = YES_ERROR;
				CLANG_WARN_QUOTED_INCLUDE_IN_FRAMEWORK_HEADER = YES;
				CLANG_WARN_RANGE_LOOP_ANALYSIS = YES;
				CLANG_WARN_STRICT_PROTOTYPES = YES;
				CLANG_WARN_SUSPICIOUS_MOVE = YES;
				CLANG_WARN_UNGUARDED_AVAILABILITY = YES_AGGRESSIVE;
				CLANG_WARN_UNREACHABLE_CODE = YES;
				CLANG_WARN__DUPLICATE_METHOD_MATCH = YES;
				COPY_PHASE_STRIP = NO;
				DEBUG_INFORMATION_FORMAT = dwarf;
				ENABLE_STRICT_OBJC_MSGSEND = YES;
				ENABLE_TESTABILITY = YES;
				GCC_C_LANGUAGE_STANDARD = gnu11;
				GCC_DYNAMIC_NO_PIC = NO;
				GCC_NO_COMMON_BLOCKS = YES;
				GCC_OPTIMIZATION_LEVEL = 0;
				GCC_PREPROCESSOR_DEFINITIONS = (
					"DEBUG=1",
					"$(inherited)",
				);
				GCC_WARN_64_TO_32_BIT_CONVERSION = YES;
				GCC_WARN_ABOUT_RETURN_TYPE = YES_ERROR;
				GCC_WARN_UNDECLARED_SELECTOR = YES;
				GCC_WARN_UNINITIALIZED_AUTOS = YES_AGGRESSIVE;
				GCC_WARN_UNUSED_FUNCTION = YES;
				GCC_WARN_UNUSED_VARIABLE = YES;
				IPHONEOS_DEPLOYMENT_TARGET = 14.4;
				MTL_ENABLE_DEBUG_INFO = INCLUDE_SOURCE;
				MTL_FAST_MATH = YES;
				ONLY_ACTIVE_ARCH = YES;
				SDKROOT = iphoneos;
				SWIFT_ACTIVE_COMPILATION_CONDITIONS = DEBUG;
				SWIFT_OPTIMIZATION_LEVEL = "-Onone";
			};
			name = Debug;
		};
		7881ACE4263083EF00249B43 /* Release */ = {
			isa = XCBuildConfiguration;
			buildSettings = {
				ALWAYS_SEARCH_USER_PATHS = NO;
				CLANG_ANALYZER_NONNULL = YES;
				CLANG_ANALYZER_NUMBER_OBJECT_CONVERSION = YES_AGGRESSIVE;
				CLANG_CXX_LANGUAGE_STANDARD = "gnu++14";
				CLANG_CXX_LIBRARY = "libc++";
				CLANG_ENABLE_MODULES = YES;
				CLANG_ENABLE_OBJC_ARC = YES;
				CLANG_ENABLE_OBJC_WEAK = YES;
				CLANG_WARN_BLOCK_CAPTURE_AUTORELEASING = YES;
				CLANG_WARN_BOOL_CONVERSION = YES;
				CLANG_WARN_COMMA = YES;
				CLANG_WARN_CONSTANT_CONVERSION = YES;
				CLANG_WARN_DEPRECATED_OBJC_IMPLEMENTATIONS = YES;
				CLANG_WARN_DIRECT_OBJC_ISA_USAGE = YES_ERROR;
				CLANG_WARN_DOCUMENTATION_COMMENTS = YES;
				CLANG_WARN_EMPTY_BODY = YES;
				CLANG_WARN_ENUM_CONVERSION = YES;
				CLANG_WARN_INFINITE_RECURSION = YES;
				CLANG_WARN_INT_CONVERSION = YES;
				CLANG_WARN_NON_LITERAL_NULL_CONVERSION = YES;
				CLANG_WARN_OBJC_IMPLICIT_RETAIN_SELF = YES;
				CLANG_WARN_OBJC_LITERAL_CONVERSION = YES;
				CLANG_WARN_OBJC_ROOT_CLASS = YES_ERROR;
				CLANG_WARN_QUOTED_INCLUDE_IN_FRAMEWORK_HEADER = YES;
				CLANG_WARN_RANGE_LOOP_ANALYSIS = YES;
				CLANG_WARN_STRICT_PROTOTYPES = YES;
				CLANG_WARN_SUSPICIOUS_MOVE = YES;
				CLANG_WARN_UNGUARDED_AVAILABILITY = YES_AGGRESSIVE;
				CLANG_WARN_UNREACHABLE_CODE = YES;
				CLANG_WARN__DUPLICATE_METHOD_MATCH = YES;
				COPY_PHASE_STRIP = NO;
				DEBUG_INFORMATION_FORMAT = "dwarf-with-dsym";
				ENABLE_NS_ASSERTIONS = NO;
				ENABLE_STRICT_OBJC_MSGSEND = YES;
				GCC_C_LANGUAGE_STANDARD = gnu11;
				GCC_NO_COMMON_BLOCKS = YES;
				GCC_WARN_64_TO_32_BIT_CONVERSION = YES;
				GCC_WARN_ABOUT_RETURN_TYPE = YES_ERROR;
				GCC_WARN_UNDECLARED_SELECTOR = YES;
				GCC_WARN_UNINITIALIZED_AUTOS = YES_AGGRESSIVE;
				GCC_WARN_UNUSED_FUNCTION = YES;
				GCC_WARN_UNUSED_VARIABLE = YES;
				IPHONEOS_DEPLOYMENT_TARGET = 14.4;
				MTL_ENABLE_DEBUG_INFO = NO;
				MTL_FAST_MATH = YES;
				SDKROOT = iphoneos;
				SWIFT_COMPILATION_MODE = wholemodule;
				SWIFT_OPTIMIZATION_LEVEL = "-O";
				VALIDATE_PRODUCT = YES;
			};
			name = Release;
		};
		7881ACE6263083EF00249B43 /* Debug */ = {
			isa = XCBuildConfiguration;
			buildSettings = {
				ASSETCATALOG_COMPILER_APPICON_NAME = AppIcon;
				ASSETCATALOG_COMPILER_GLOBAL_ACCENT_COLOR_NAME = AccentColor;
				CODE_SIGN_STYLE = Automatic;
				DEVELOPMENT_TEAM = US436985M8;
				INFOPLIST_FILE = Geocoder/Info.plist;
				LD_RUNPATH_SEARCH_PATHS = (
					"$(inherited)",
					"@executable_path/Frameworks",
				);
				PRODUCT_BUNDLE_IDENTIFIER = "-.Geocoder";
				PRODUCT_NAME = "$(TARGET_NAME)";
				SWIFT_VERSION = 5.0;
				TARGETED_DEVICE_FAMILY = "1,2";
			};
			name = Debug;
		};
		7881ACE7263083EF00249B43 /* Release */ = {
			isa = XCBuildConfiguration;
			buildSettings = {
				ASSETCATALOG_COMPILER_APPICON_NAME = AppIcon;
				ASSETCATALOG_COMPILER_GLOBAL_ACCENT_COLOR_NAME = AccentColor;
				CODE_SIGN_STYLE = Automatic;
				DEVELOPMENT_TEAM = US436985M8;
				INFOPLIST_FILE = Geocoder/Info.plist;
				LD_RUNPATH_SEARCH_PATHS = (
					"$(inherited)",
					"@executable_path/Frameworks",
				);
				PRODUCT_BUNDLE_IDENTIFIER = "-.Geocoder";
				PRODUCT_NAME = "$(TARGET_NAME)";
				SWIFT_VERSION = 5.0;
				TARGETED_DEVICE_FAMILY = "1,2";
			};
			name = Release;
		};
		7881ACE9263083EF00249B43 /* Debug */ = {
			isa = XCBuildConfiguration;
			buildSettings = {
				ALWAYS_EMBED_SWIFT_STANDARD_LIBRARIES = YES;
				BUNDLE_LOADER = "$(TEST_HOST)";
				CODE_SIGN_STYLE = Automatic;
				DEVELOPMENT_TEAM = US436985M8;
				INFOPLIST_FILE = GeocoderTests/Info.plist;
				IPHONEOS_DEPLOYMENT_TARGET = 14.4;
				LD_RUNPATH_SEARCH_PATHS = (
					"$(inherited)",
					"@executable_path/Frameworks",
					"@loader_path/Frameworks",
				);
				PRODUCT_BUNDLE_IDENTIFIER = "-.GeocoderTests";
				PRODUCT_NAME = "$(TARGET_NAME)";
				SWIFT_VERSION = 5.0;
				TARGETED_DEVICE_FAMILY = "1,2";
				TEST_HOST = "$(BUILT_PRODUCTS_DIR)/Geocoder.app/Geocoder";
			};
			name = Debug;
		};
		7881ACEA263083EF00249B43 /* Release */ = {
			isa = XCBuildConfiguration;
			buildSettings = {
				ALWAYS_EMBED_SWIFT_STANDARD_LIBRARIES = YES;
				BUNDLE_LOADER = "$(TEST_HOST)";
				CODE_SIGN_STYLE = Automatic;
				DEVELOPMENT_TEAM = US436985M8;
				INFOPLIST_FILE = GeocoderTests/Info.plist;
				IPHONEOS_DEPLOYMENT_TARGET = 14.4;
				LD_RUNPATH_SEARCH_PATHS = (
					"$(inherited)",
					"@executable_path/Frameworks",
					"@loader_path/Frameworks",
				);
				PRODUCT_BUNDLE_IDENTIFIER = "-.GeocoderTests";
				PRODUCT_NAME = "$(TARGET_NAME)";
				SWIFT_VERSION = 5.0;
				TARGETED_DEVICE_FAMILY = "1,2";
				TEST_HOST = "$(BUILT_PRODUCTS_DIR)/Geocoder.app/Geocoder";
			};
			name = Release;
		};
		7881ACEC263083EF00249B43 /* Debug */ = {
			isa = XCBuildConfiguration;
			buildSettings = {
				ALWAYS_EMBED_SWIFT_STANDARD_LIBRARIES = YES;
				CODE_SIGN_STYLE = Automatic;
				DEVELOPMENT_TEAM = US436985M8;
				INFOPLIST_FILE = GeocoderUITests/Info.plist;
				LD_RUNPATH_SEARCH_PATHS = (
					"$(inherited)",
					"@executable_path/Frameworks",
					"@loader_path/Frameworks",
				);
				PRODUCT_BUNDLE_IDENTIFIER = "-.GeocoderUITests";
				PRODUCT_NAME = "$(TARGET_NAME)";
				SWIFT_VERSION = 5.0;
				TARGETED_DEVICE_FAMILY = "1,2";
				TEST_TARGET_NAME = Geocoder;
			};
			name = Debug;
		};
		7881ACED263083EF00249B43 /* Release */ = {
			isa = XCBuildConfiguration;
			buildSettings = {
				ALWAYS_EMBED_SWIFT_STANDARD_LIBRARIES = YES;
				CODE_SIGN_STYLE = Automatic;
				DEVELOPMENT_TEAM = US436985M8;
				INFOPLIST_FILE = GeocoderUITests/Info.plist;
				LD_RUNPATH_SEARCH_PATHS = (
					"$(inherited)",
					"@executable_path/Frameworks",
					"@loader_path/Frameworks",
				);
				PRODUCT_BUNDLE_IDENTIFIER = "-.GeocoderUITests";
				PRODUCT_NAME = "$(TARGET_NAME)";
				SWIFT_VERSION = 5.0;
				TARGETED_DEVICE_FAMILY = "1,2";
				TEST_TARGET_NAME = Geocoder;
			};
			name = Release;
		};
/* End XCBuildConfiguration section */

/* Begin XCConfigurationList section */
		7881ACB6263083EC00249B43 /* Build configuration list for PBXProject "Geocoder" */ = {
			isa = XCConfigurationList;
			buildConfigurations = (
				7881ACE3263083EF00249B43 /* Debug */,
				7881ACE4263083EF00249B43 /* Release */,
			);
			defaultConfigurationIsVisible = 0;
			defaultConfigurationName = Release;
		};
		7881ACE5263083EF00249B43 /* Build configuration list for PBXNativeTarget "Geocoder" */ = {
			isa = XCConfigurationList;
			buildConfigurations = (
				7881ACE6263083EF00249B43 /* Debug */,
				7881ACE7263083EF00249B43 /* Release */,
			);
			defaultConfigurationIsVisible = 0;
			defaultConfigurationName = Release;
		};
		7881ACE8263083EF00249B43 /* Build configuration list for PBXNativeTarget "GeocoderTests" */ = {
			isa = XCConfigurationList;
			buildConfigurations = (
				7881ACE9263083EF00249B43 /* Debug */,
				7881ACEA263083EF00249B43 /* Release */,
			);
			defaultConfigurationIsVisible = 0;
			defaultConfigurationName = Release;
		};
		7881ACEB263083EF00249B43 /* Build configuration list for PBXNativeTarget "GeocoderUITests" */ = {
			isa = XCConfigurationList;
			buildConfigurations = (
				7881ACEC263083EF00249B43 /* Debug */,
				7881ACED263083EF00249B43 /* Release */,
			);
			defaultConfigurationIsVisible = 0;
			defaultConfigurationName = Release;
		};
/* End XCConfigurationList section */
	};
	rootObject = 7881ACB3263083EC00249B43 /* Project object */;
}
